<?xml version="1.0" encoding="utf-8"?>
<Project ToolsVersion="4.0" xmlns="http://schemas.microsoft.com/developer/msbuild/2003">
  <ItemGroup>
    <Filter Include="General">
      <UniqueIdentifier>{4FC737F1-C7A5-4376-A066-2A32D752A2FF}</UniqueIdentifier>
      <Extensions>cpp;c;cc;cxx;def;odl;idl;hpj;bat;asm;asmx</Extensions>
    </Filter>
    <Filter Include="General\GamePlay">
      <UniqueIdentifier>{bd6514af-0b8a-4fc4-8998-a6789f62666f}</UniqueIdentifier>
    </Filter>
    <Filter Include="General\Data">
      <UniqueIdentifier>{35b2d5be-7f06-488e-9c36-559522d7ba3d}</UniqueIdentifier>
    </Filter>
    <Filter Include="General\Data\Definitions">
      <UniqueIdentifier>{26044600-cd06-4bbe-8e65-0af281e9628a}</UniqueIdentifier>
    </Filter>
    <Filter Include="General\GamePlay\Tiles">
      <UniqueIdentifier>{2c9e66dd-181a-4694-b169-ff2b8818eb89}</UniqueIdentifier>
    </Filter>
    <Filter Include="General\GamePlay\Maps">
      <UniqueIdentifier>{acc3a3b1-0434-4c59-a28d-bc6e8412f111}</UniqueIdentifier>
    </Filter>
    <Filter Include="General\GamePlay\Entity">
      <UniqueIdentifier>{d6b33ab1-8fbc-4b55-a4e2-025da3700af9}</UniqueIdentifier>
    </Filter>
    <Filter Include="General\Data\Shaders">
      <UniqueIdentifier>{37c621eb-b9db-46aa-9241-99cd25e469cd}</UniqueIdentifier>
    </Filter>
    <Filter Include="General\GamePlay\Task">
      <UniqueIdentifier>{eafec35f-85cb-4d58-ac7e-756979320d20}</UniqueIdentifier>
    </Filter>
    <Filter Include="General\GamePlay\Utils">
      <UniqueIdentifier>{57c7fc78-bd69-4df4-b720-8dc359e69080}</UniqueIdentifier>
    </Filter>
  </ItemGroup>
  <ItemGroup>
    <ClCompile Include="Main_Win32.cpp">
      <Filter>General</Filter>
    </ClCompile>
    <ClCompile Include="App.cpp">
      <Filter>General</Filter>
    </ClCompile>
    <ClCompile Include="Game.cpp">
      <Filter>General</Filter>
    </ClCompile>
    <ClCompile Include="GameCommon.cpp">
      <Filter>General</Filter>
    </ClCompile>
    <ClCompile Include="GamePlay\Maps\Map.cpp">
      <Filter>General\GamePlay\Maps</Filter>
    </ClCompile>
    <ClCompile Include="GamePlay\Maps\MapDefinition.cpp">
      <Filter>General\GamePlay\Maps</Filter>
    </ClCompile>
    <ClCompile Include="GamePlay\Maps\MapGenSteps.cpp">
      <Filter>General\GamePlay\Maps</Filter>
    </ClCompile>
    <ClCompile Include="GamePlay\Tiles\TileDefinition.cpp">
      <Filter>General\GamePlay\Tiles</Filter>
    </ClCompile>
    <ClCompile Include="GamePlay\Tiles\Tiles.cpp">
      <Filter>General\GamePlay\Tiles</Filter>
    </ClCompile>
    <ClCompile Include="GamePlay\Entity\Entity.cpp">
      <Filter>General\GamePlay\Entity</Filter>
    </ClCompile>
    <ClCompile Include="GamePlay\Entity\Civilian.cpp">
      <Filter>General\GamePlay\Entity</Filter>
    </ClCompile>
    <ClCompile Include="GamePlay\Entity\ClassAWarrior.cpp">
      <Filter>General\GamePlay\Entity</Filter>
    </ClCompile>
    <ClCompile Include="GamePlay\Entity\ClassBWarrior.cpp">
      <Filter>General\GamePlay\Entity</Filter>
    </ClCompile>
    <ClCompile Include="GamePlay\Task\Task.cpp">
      <Filter>General\GamePlay\Task</Filter>
    </ClCompile>
    <ClCompile Include="GamePlay\Entity\TownCenter.cpp">
      <Filter>General\GamePlay\Entity</Filter>
    </ClCompile>
    <ClCompile Include="GamePlay\Entity\House.cpp">
      <Filter>General\GamePlay\Entity</Filter>
    </ClCompile>
    <ClCompile Include="GamePlay\Task\TaskMove.cpp">
      <Filter>General\GamePlay\Task</Filter>
    </ClCompile>
    <ClCompile Include="GamePlay\Task\TaskGatherResource.cpp">
      <Filter>General\GamePlay\Task</Filter>
    </ClCompile>
    <ClCompile Include="GamePlay\Entity\Resource.cpp">
      <Filter>General\GamePlay\Entity</Filter>
    </ClCompile>
    <ClCompile Include="ArmySpawner.cpp">
      <Filter>General\GamePlay\Entity</Filter>
    </ClCompile>
    <ClCompile Include="GamePlay\Task\TaskSpawnVillager.cpp">
      <Filter>General\GamePlay\Task</Filter>
    </ClCompile>
    <ClCompile Include="GamePlay\Task\TaskSpawnClassAWarrior.cpp">
      <Filter>General\GamePlay\Task</Filter>
    </ClCompile>
    <ClCompile Include="GamePlay\Task\TaskSpawnClassBWarrior.cpp">
      <Filter>General\GamePlay\Task</Filter>
    </ClCompile>
    <ClCompile Include="GamePlay\Task\TaskShortRangeAttack.cpp">
      <Filter>General\GamePlay\Task</Filter>
    </ClCompile>
    <ClCompile Include="GamePlay\Utils\Explosion.cpp">
      <Filter>General\GamePlay\Utils</Filter>
    </ClCompile>
    <ClCompile Include="GamePlay\Task\TaskBuildArmySpawner.cpp">
      <Filter>General\GamePlay\Task</Filter>
    </ClCompile>
    <ClCompile Include="GamePlay\Task\TaskBuildHouse.cpp">
      <Filter>General\GamePlay\Task</Filter>
    </ClCompile>
    <ClCompile Include="GamePlay\Task\TaskLongRangeAttack.cpp">
      <Filter>General\GamePlay\Task</Filter>
    </ClCompile>
    <ClCompile Include="GamePlay\Task\TaskDropResource.cpp">
      <Filter>General\GamePlay\Task</Filter>
    </ClCompile>
    <ClCompile Include="GamePlay\Task\TaskIdle.cpp">
      <Filter>General\GamePlay\Task</Filter>
    </ClCompile>
    <ClCompile Include="GamePlay\Entity\DebugEntity.cpp">
      <Filter>General\GamePlay\Entity</Filter>
    </ClCompile>
    <ClCompile Include="GamePlay\Utils\ScoreCard.cpp">
      <Filter>General\GamePlay\Utils</Filter>
    </ClCompile>
  </ItemGroup>
  <ItemGroup>
    <ClInclude Include="App.hpp">
      <Filter>General</Filter>
    </ClInclude>
    <ClInclude Include="Game.hpp">
      <Filter>General</Filter>
    </ClInclude>
    <ClInclude Include="GameCommon.hpp">
      <Filter>General</Filter>
    </ClInclude>
    <ClInclude Include="GamePlay\Maps\Map.hpp">
      <Filter>General\GamePlay\Maps</Filter>
    </ClInclude>
    <ClInclude Include="GamePlay\Maps\MapDefinition.hpp">
      <Filter>General\GamePlay\Maps</Filter>
    </ClInclude>
    <ClInclude Include="GamePlay\Maps\MapGenSteps.hpp">
      <Filter>General\GamePlay\Maps</Filter>
    </ClInclude>
    <ClInclude Include="GamePlay\Tiles\TileDefinition.hpp">
      <Filter>General\GamePlay\Tiles</Filter>
    </ClInclude>
    <ClInclude Include="GamePlay\Tiles\Tiles.hpp">
      <Filter>General\GamePlay\Tiles</Filter>
    </ClInclude>
    <ClInclude Include="GamePlay\Entity\Entity.hpp">
      <Filter>General\GamePlay\Entity</Filter>
    </ClInclude>
    <ClInclude Include="GamePlay\Entity\Civilian.hpp">
      <Filter>General\GamePlay\Entity</Filter>
    </ClInclude>
    <ClInclude Include="GamePlay\Entity\ClassAWarrior.hpp">
      <Filter>General\GamePlay\Entity</Filter>
    </ClInclude>
    <ClInclude Include="GamePlay\Entity\ClassBWarrior.hpp">
      <Filter>General\GamePlay\Entity</Filter>
    </ClInclude>
    <ClInclude Include="GamePlay\Task\Task.hpp">
      <Filter>General\GamePlay\Task</Filter>
    </ClInclude>
    <ClInclude Include="GamePlay\Entity\TownCenter.hpp">
      <Filter>General\GamePlay\Entity</Filter>
    </ClInclude>
    <ClInclude Include="GamePlay\Entity\House.hpp">
      <Filter>General\GamePlay\Entity</Filter>
    </ClInclude>
    <ClInclude Include="GamePlay\Task\TaskMove.hpp">
      <Filter>General\GamePlay\Task</Filter>
    </ClInclude>
    <ClInclude Include="GamePlay\Task\TaskGatherResource.hpp">
      <Filter>General\GamePlay\Task</Filter>
    </ClInclude>
    <ClInclude Include="GamePlay\Entity\Resource.hpp">
      <Filter>General\GamePlay\Entity</Filter>
    </ClInclude>
    <ClInclude Include="ArmySpawner.hpp">
      <Filter>General\GamePlay\Entity</Filter>
    </ClInclude>
    <ClInclude Include="GamePlay\Task\TaskSpawnVillager.hpp">
      <Filter>General\GamePlay\Task</Filter>
    </ClInclude>
    <ClInclude Include="GamePlay\Task\TaskSpawnClassAWarrior.hpp">
      <Filter>General\GamePlay\Task</Filter>
    </ClInclude>
    <ClInclude Include="GamePlay\Task\TaskSpawnClassBWarrior.hpp">
      <Filter>General\GamePlay\Task</Filter>
    </ClInclude>
    <ClInclude Include="GamePlay\Task\TaskShortRangeAttack.hpp">
      <Filter>General\GamePlay\Task</Filter>
    </ClInclude>
    <ClInclude Include="GamePlay\Utils\Explosion.hpp">
      <Filter>General\GamePlay\Utils</Filter>
    </ClInclude>
    <ClInclude Include="GamePlay\Task\TaskBuildArmySpawner.hpp">
      <Filter>General\GamePlay\Task</Filter>
    </ClInclude>
    <ClInclude Include="GamePlay\Task\TaskBuildHouse.hpp">
      <Filter>General\GamePlay\Task</Filter>
    </ClInclude>
    <ClInclude Include="GamePlay\Task\TaskLongRangeAttack.hpp">
      <Filter>General\GamePlay\Task</Filter>
    </ClInclude>
    <ClInclude Include="GamePlay\Task\TaskDropResource.hpp">
      <Filter>General\GamePlay\Task</Filter>
    </ClInclude>
    <ClInclude Include="GamePlay\Task\TaskIdle.hpp">
      <Filter>General\GamePlay\Task</Filter>
    </ClInclude>
    <ClInclude Include="GamePlay\Entity\EntityState.hpp">
      <Filter>General\GamePlay\Entity</Filter>
    </ClInclude>
    <ClInclude Include="GamePlay\Entity\DebugEntity.hpp">
      <Filter>General\GamePlay\Entity</Filter>
    </ClInclude>
    <ClInclude Include="GamePlay\Utils\ScoreCard.hpp">
      <Filter>General\GamePlay\Utils</Filter>
    </ClInclude>
  </ItemGroup>
  <ItemGroup>
    <Xml Include="..\..\Run_Win32\Data\Definitions\Tiles.xml">
      <Filter>General\Data\Definitions</Filter>
    </Xml>
    <Xml Include="..\..\Run_Win32\Data\Definitions\GameConfig.xml">
      <Filter>General\Data\Definitions</Filter>
    </Xml>
    <Xml Include="..\..\Run_Win32\Data\Definitions\MapDefinitions.xml">
      <Filter>General\Data\Definitions</Filter>
    </Xml>
    <Xml Include="..\..\Run_Win32\Data\Definitions\Actors.xml">
      <Filter>General\Data\Definitions</Filter>
    </Xml>
    <Xml Include="..\..\Run_Win32\Data\Definitions\Adventures.xml">
      <Filter>General\Data\Definitions</Filter>
    </Xml>
    <Xml Include="..\..\Run_Win32\Data\Definitions\Items.xml">
      <Filter>General\Data\Definitions</Filter>
    </Xml>
    <Xml Include="..\..\Run_Win32\Data\Definitions\Portals.xml">
      <Filter>General\Data\Definitions</Filter>
    </Xml>
    <Xml Include="..\..\Run_Win32\Data\Definitions\Projectile.xml">
      <Filter>General\Data\Definitions</Filter>
    </Xml>
    <Xml Include="..\..\Run_Win32\Data\Definitions\Shaders.xml">
      <Filter>General\Data\Definitions</Filter>
    </Xml>
  </ItemGroup>
  <ItemGroup>
    <None Include="..\..\Run_Win32\Data\Shaders\Debug.fs">
      <Filter>General\Data\Shaders</Filter>
    </None>
    <None Include="..\..\Run_Win32\Data\Shaders\Debug.vs">
      <Filter>General\Data\Shaders</Filter>
    </None>
    <None Include="..\..\Run_Win32\Data\Shaders\PASSTHROUGH.fs">
      <Filter>General\Data\Shaders</Filter>
    </None>
    <None Include="..\..\Run_Win32\Data\Shaders\PASSTHROUGH.vs">
      <Filter>General\Data\Shaders</Filter>
    </None>
  </ItemGroup>
</Project>
