
Microsoft Visual Studio Solution File, Format Version 12.00
# Visual Studio 15
VisualStudioVersion = 15.0.27130.2036
MinimumVisualStudioVersion = 10.0.40219.1
Project("{8BC9CEB8-8B4A-11D0-8D11-00A0C91BC942}") = "RTS", "Code\Game\Game.vcxproj", "{66AA8FA7-1F6F-4C05-9579-E0F10F16D88D}"
EndProject
Project("{8BC9CEB8-8B4A-11D0-8D11-00A0C91BC942}") = "Engine", "..\..\Engine\Code\Engine\Engine.vcxproj", "{8B53C5B9-AB06-433B-8D99-40B4214F8600}"
EndProject
Global
	GlobalSection(SolutionConfigurationPlatforms) = preSolution
		Debug|x64 = Debug|x64
		Debug|x86 = Debug|x86
		DebugInline|x64 = DebugInline|x64
		DebugInline|x86 = DebugInline|x86
		Release|x64 = Release|x64
		Release|x86 = Release|x86
	EndGlobalSection
	GlobalSection(ProjectConfigurationPlatforms) = postSolution
		{66AA8FA7-1F6F-4C05-9579-E0F10F16D88D}.Debug|x64.ActiveCfg = Debug|x64
		{66AA8FA7-1F6F-4C05-9579-E0F10F16D88D}.Debug|x64.Build.0 = Debug|x64
		{66AA8FA7-1F6F-4C05-9579-E0F10F16D88D}.Debug|x86.ActiveCfg = Debug|Win32
		{66AA8FA7-1F6F-4C05-9579-E0F10F16D88D}.Debug|x86.Build.0 = Debug|Win32
		{66AA8FA7-1F6F-4C05-9579-E0F10F16D88D}.DebugInline|x64.ActiveCfg = DebugInline|x64
		{66AA8FA7-1F6F-4C05-9579-E0F10F16D88D}.DebugInline|x64.Build.0 = DebugInline|x64
		{66AA8FA7-1F6F-4C05-9579-E0F10F16D88D}.DebugInline|x86.ActiveCfg = DebugInline|Win32
		{66AA8FA7-1F6F-4C05-9579-E0F10F16D88D}.DebugInline|x86.Build.0 = DebugInline|Win32
		{66AA8FA7-1F6F-4C05-9579-E0F10F16D88D}.Release|x64.ActiveCfg = Release|x64
		{66AA8FA7-1F6F-4C05-9579-E0F10F16D88D}.Release|x64.Build.0 = Release|x64
		{66AA8FA7-1F6F-4C05-9579-E0F10F16D88D}.Release|x86.ActiveCfg = Release|Win32
		{66AA8FA7-1F6F-4C05-9579-E0F10F16D88D}.Release|x86.Build.0 = Release|Win32
		{8B53C5B9-AB06-433B-8D99-40B4214F8600}.Debug|x64.ActiveCfg = Debug|x64
		{8B53C5B9-AB06-433B-8D99-40B4214F8600}.Debug|x64.Build.0 = Debug|x64
		{8B53C5B9-AB06-433B-8D99-40B4214F8600}.Debug|x86.ActiveCfg = Debug|Win32
		{8B53C5B9-AB06-433B-8D99-40B4214F8600}.Debug|x86.Build.0 = Debug|Win32
		{8B53C5B9-AB06-433B-8D99-40B4214F8600}.DebugInline|x64.ActiveCfg = DebugInline|x64
		{8B53C5B9-AB06-433B-8D99-40B4214F8600}.DebugInline|x64.Build.0 = DebugInline|x64
		{8B53C5B9-AB06-433B-8D99-40B4214F8600}.DebugInline|x86.ActiveCfg = DebugInline|Win32
		{8B53C5B9-AB06-433B-8D99-40B4214F8600}.DebugInline|x86.Build.0 = DebugInline|Win32
		{8B53C5B9-AB06-433B-8D99-40B4214F8600}.Release|x64.ActiveCfg = Release|x64
		{8B53C5B9-AB06-433B-8D99-40B4214F8600}.Release|x64.Build.0 = Release|x64
		{8B53C5B9-AB06-433B-8D99-40B4214F8600}.Release|x86.ActiveCfg = Release|Win32
		{8B53C5B9-AB06-433B-8D99-40B4214F8600}.Release|x86.Build.0 = Release|Win32
	EndGlobalSection
	GlobalSection(SolutionProperties) = preSolution
		HideSolutionNode = FALSE
	EndGlobalSection
	GlobalSection(ExtensibilityGlobals) = postSolution
		SolutionGuid = {ABF6FCFD-9673-475E-9911-D068023C2B8E}
	EndGlobalSection
EndGlobal
